
Microsoft Visual Studio Solution File, Format Version 12.00
# Visual Studio Version 17
VisualStudioVersion = 17.14.36623.8 d17.14
MinimumVisualStudioVersion = 10.0.40219.1
Project("{2150E333-8FDC-42A3-9474-1A3956D46DE8}") = "funkcje", "funkcje", "{719CC137-6BEA-44AF-9D99-5EC2B81E3580}"
EndProject
Project("{8BC9CEB8-8B4A-11D0-8D11-00A0C91BC942}") = "funkcje", "schematy_blokowe\schematy_blokowe.vcxproj", "{F18E7761-244A-432E-B361-A78F14CF4D37}"
EndProject
Global
	GlobalSection(SolutionConfigurationPlatforms) = preSolution
		Debug|x64 = Debug|x64
		Debug|x86 = Debug|x86
		Release|x64 = Release|x64
		Release|x86 = Release|x86
	EndGlobalSection
	GlobalSection(ProjectConfigurationPlatforms) = postSolution
		{F18E7761-244A-432E-B361-A78F14CF4D37}.Debug|x64.ActiveCfg = Debug|x64
		{F18E7761-244A-432E-B361-A78F14CF4D37}.Debug|x64.Build.0 = Debug|x64
		{F18E7761-244A-432E-B361-A78F14CF4D37}.Debug|x86.ActiveCfg = Debug|Win32
		{F18E7761-244A-432E-B361-A78F14CF4D37}.Debug|x86.Build.0 = Debug|Win32
		{F18E7761-244A-432E-B361-A78F14CF4D37}.Release|x64.ActiveCfg = Release|x64
		{F18E7761-244A-432E-B361-A78F14CF4D37}.Release|x64.Build.0 = Release|x64
		{F18E7761-244A-432E-B361-A78F14CF4D37}.Release|x86.ActiveCfg = Release|Win32
		{F18E7761-244A-432E-B361-A78F14CF4D37}.Release|x86.Build.0 = Release|Win32
	EndGlobalSection
	GlobalSection(SolutionProperties) = preSolution
		HideSolutionNode = FALSE
	EndGlobalSection
	GlobalSection(NestedProjects) = preSolution
		{F18E7761-244A-432E-B361-A78F14CF4D37} = {719CC137-6BEA-44AF-9D99-5EC2B81E3580}
	EndGlobalSection
	GlobalSection(ExtensibilityGlobals) = postSolution
		SolutionGuid = {B2502C53-4B99-4A27-9A6E-90A7256B780A}
	EndGlobalSection
EndGlobal
